{
  "name": "npm-proj-1697801415632-0.8414111723341431Bxl6mh",
  "lockfileVersion": 2,
  "requires": true,
  "packages": {
    "": {
      "dependencies": {
        "tinymce": "^6.7.1"
      }
    },
    "node_modules/tinymce": {
      "version": "6.7.1",
      "resolved": "https://registry.npmjs.org/tinymce/-/tinymce-6.7.1.tgz",
      "integrity": "sha512-SIGJgWk2d/X59VbO+i81QfNx2EP1P5t+sza2/1So3OLGtmMBhEJMag7sN/Mo8sq4s0niwb65Z51yLju32jP11g=="
    }
  },
  "dependencies": {
    "tinymce": {
      "version": "6.7.1",
      "resolved": "https://registry.npmjs.org/tinymce/-/tinymce-6.7.1.tgz",
      "integrity": "sha512-SIGJgWk2d/X59VbO+i81QfNx2EP1P5t+sza2/1So3OLGtmMBhEJMag7sN/Mo8sq4s0niwb65Z51yLju32jP11g=="
    }
  }
}
