{
  "name": "npm-proj-1700147966818-0.59441397774929568TVOtg",
  "lockfileVersion": 2,
  "requires": true,
  "packages": {
    "": {
      "dependencies": {
        "tinymce": "^6.7.3"
      }
    },
    "node_modules/tinymce": {
      "version": "6.7.3",
      "resolved": "https://registry.npmjs.org/tinymce/-/tinymce-6.7.3.tgz",
      "integrity": "sha512-J7WmYIi/gt1RvZ6Ap2oQiUjzAoiS9pfV+d4GnKuZuPu8agmlAEAInNmMvMjfCNBzHv4JnZXY7qlHUAI0IuYQVA=="
    }
  },
  "dependencies": {
    "tinymce": {
      "version": "6.7.3",
      "resolved": "https://registry.npmjs.org/tinymce/-/tinymce-6.7.3.tgz",
      "integrity": "sha512-J7WmYIi/gt1RvZ6Ap2oQiUjzAoiS9pfV+d4GnKuZuPu8agmlAEAInNmMvMjfCNBzHv4JnZXY7qlHUAI0IuYQVA=="
    }
  }
}
